// !$*UTF8*$!
{
	archiveVersion = 1;
	classes = {
	};
	objectVersion = 56;
	objects = {

/* Begin PBXBuildFile section */
		874587D929D1EAD400405E97 /* Coffee_RecordsApp.swift in Sources */ = {isa = PBXBuildFile; fileRef = 874587D829D1EAD400405E97 /* Coffee_RecordsApp.swift */; };
		874587DD29D1EAD500405E97 /* Assets.xcassets in Resources */ = {isa = PBXBuildFile; fileRef = 874587DC29D1EAD500405E97 /* Assets.xcassets */; };
		874587E129D1EAD500405E97 /* Preview Assets.xcassets in Resources */ = {isa = PBXBuildFile; fileRef = 874587E029D1EAD500405E97 /* Preview Assets.xcassets */; };
		874587E829D1EC2C00405E97 /* RoastRecordsView.swift in Sources */ = {isa = PBXBuildFile; fileRef = 874587E729D1EC2C00405E97 /* RoastRecordsView.swift */; };
		874587EA29D1EC3D00405E97 /* PaymentRecordsView.swift in Sources */ = {isa = PBXBuildFile; fileRef = 874587E929D1EC3D00405E97 /* PaymentRecordsView.swift */; };
		874587EC29D1ECE900405E97 /* MainView.swift in Sources */ = {isa = PBXBuildFile; fileRef = 874587EB29D1ECE900405E97 /* MainView.swift */; };
		874587F029D1F0B500405E97 /* Store.swift in Sources */ = {isa = PBXBuildFile; fileRef = 874587EF29D1F0B500405E97 /* Store.swift */; };
		874587F229D1F5F700405E97 /* GoogleService-Info.plist in Resources */ = {isa = PBXBuildFile; fileRef = 874587F129D1F5F700405E97 /* GoogleService-Info.plist */; };
		874587F529D1F6C600405E97 /* FirebaseFirestore in Frameworks */ = {isa = PBXBuildFile; productRef = 874587F429D1F6C600405E97 /* FirebaseFirestore */; };
		874587F729D1F6C600405E97 /* FirebaseFirestoreSwift in Frameworks */ = {isa = PBXBuildFile; productRef = 874587F629D1F6C600405E97 /* FirebaseFirestoreSwift */; };
		874587F929D1F7EB00405E97 /* Structs.swift in Sources */ = {isa = PBXBuildFile; fileRef = 874587F829D1F7EB00405E97 /* Structs.swift */; };
		8784966129D27BD600D5CCB4 /* AddRoastView.swift in Sources */ = {isa = PBXBuildFile; fileRef = 8784966029D27BD600D5CCB4 /* AddRoastView.swift */; };
		8784966329D27BE000D5CCB4 /* AddPaymentView.swift in Sources */ = {isa = PBXBuildFile; fileRef = 8784966229D27BE000D5CCB4 /* AddPaymentView.swift */; };
/* End PBXBuildFile section */

/* Begin PBXFileReference section */
		874587D529D1EAD400405E97 /* Coffee Records.app */ = {isa = PBXFileReference; explicitFileType = wrapper.application; includeInIndex = 0; path = "Coffee Records.app"; sourceTree = BUILT_PRODUCTS_DIR; };
		874587D829D1EAD400405E97 /* Coffee_RecordsApp.swift */ = {isa = PBXFileReference; lastKnownFileType = sourcecode.swift; path = Coffee_RecordsApp.swift; sourceTree = "<group>"; };
		874587DC29D1EAD500405E97 /* Assets.xcassets */ = {isa = PBXFileReference; lastKnownFileType = folder.assetcatalog; path = Assets.xcassets; sourceTree = "<group>"; };
		874587DE29D1EAD500405E97 /* Coffee_Records.entitlements */ = {isa = PBXFileReference; lastKnownFileType = text.plist.entitlements; path = Coffee_Records.entitlements; sourceTree = "<group>"; };
		874587E029D1EAD500405E97 /* Preview Assets.xcassets */ = {isa = PBXFileReference; lastKnownFileType = folder.assetcatalog; path = "Preview Assets.xcassets"; sourceTree = "<group>"; };
		874587E729D1EC2C00405E97 /* RoastRecordsView.swift */ = {isa = PBXFileReference; lastKnownFileType = sourcecode.swift; path = RoastRecordsView.swift; sourceTree = "<group>"; };
		874587E929D1EC3D00405E97 /* PaymentRecordsView.swift */ = {isa = PBXFileReference; lastKnownFileType = sourcecode.swift; path = PaymentRecordsView.swift; sourceTree = "<group>"; };
		874587EB29D1ECE900405E97 /* MainView.swift */ = {isa = PBXFileReference; lastKnownFileType = sourcecode.swift; path = MainView.swift; sourceTree = "<group>"; };
		874587EF29D1F0B500405E97 /* Store.swift */ = {isa = PBXFileReference; lastKnownFileType = sourcecode.swift; path = Store.swift; sourceTree = "<group>"; };
		874587F129D1F5F700405E97 /* GoogleService-Info.plist */ = {isa = PBXFileReference; fileEncoding = 4; lastKnownFileType = text.plist.xml; path = "GoogleService-Info.plist"; sourceTree = "<group>"; };
		874587F829D1F7EB00405E97 /* Structs.swift */ = {isa = PBXFileReference; lastKnownFileType = sourcecode.swift; path = Structs.swift; sourceTree = "<group>"; };
		8784966029D27BD600D5CCB4 /* AddRoastView.swift */ = {isa = PBXFileReference; lastKnownFileType = sourcecode.swift; path = AddRoastView.swift; sourceTree = "<group>"; };
		8784966229D27BE000D5CCB4 /* AddPaymentView.swift */ = {isa = PBXFileReference; lastKnownFileType = sourcecode.swift; path = AddPaymentView.swift; sourceTree = "<group>"; };
/* End PBXFileReference section */

/* Begin PBXFrameworksBuildPhase section */
		874587D229D1EAD400405E97 /* Frameworks */ = {
			isa = PBXFrameworksBuildPhase;
			buildActionMask = 2147483647;
			files = (
				874587F529D1F6C600405E97 /* FirebaseFirestore in Frameworks */,
				874587F729D1F6C600405E97 /* FirebaseFirestoreSwift in Frameworks */,
			);
			runOnlyForDeploymentPostprocessing = 0;
		};
/* End PBXFrameworksBuildPhase section */

/* Begin PBXGroup section */
		874587CC29D1EAD400405E97 = {
			isa = PBXGroup;
			children = (
				874587D729D1EAD400405E97 /* Coffee Records */,
				874587D629D1EAD400405E97 /* Products */,
			);
			sourceTree = "<group>";
		};
		874587D629D1EAD400405E97 /* Products */ = {
			isa = PBXGroup;
			children = (
				874587D529D1EAD400405E97 /* Coffee Records.app */,
			);
			name = Products;
			sourceTree = "<group>";
		};
		874587D729D1EAD400405E97 /* Coffee Records */ = {
			isa = PBXGroup;
			children = (
				874587D829D1EAD400405E97 /* Coffee_RecordsApp.swift */,
				874587EB29D1ECE900405E97 /* MainView.swift */,
				874587E729D1EC2C00405E97 /* RoastRecordsView.swift */,
				874587E929D1EC3D00405E97 /* PaymentRecordsView.swift */,
				8784966029D27BD600D5CCB4 /* AddRoastView.swift */,
				8784966229D27BE000D5CCB4 /* AddPaymentView.swift */,
				874587F829D1F7EB00405E97 /* Structs.swift */,
				874587EF29D1F0B500405E97 /* Store.swift */,
				874587F129D1F5F700405E97 /* GoogleService-Info.plist */,
				874587DC29D1EAD500405E97 /* Assets.xcassets */,
				874587DE29D1EAD500405E97 /* Coffee_Records.entitlements */,
				874587DF29D1EAD500405E97 /* Preview Content */,
			);
			path = "Coffee Records";
			sourceTree = "<group>";
		};
		874587DF29D1EAD500405E97 /* Preview Content */ = {
			isa = PBXGroup;
			children = (
				874587E029D1EAD500405E97 /* Preview Assets.xcassets */,
			);
			path = "Preview Content";
			sourceTree = "<group>";
		};
/* End PBXGroup section */

/* Begin PBXNativeTarget section */
		874587D429D1EAD400405E97 /* Coffee Records */ = {
			isa = PBXNativeTarget;
			buildConfigurationList = 874587E429D1EAD500405E97 /* Build configuration list for PBXNativeTarget "Coffee Records" */;
			buildPhases = (
				874587D129D1EAD400405E97 /* Sources */,
				874587D229D1EAD400405E97 /* Frameworks */,
				874587D329D1EAD400405E97 /* Resources */,
			);
			buildRules = (
			);
			dependencies = (
			);
			name = "Coffee Records";
			packageProductDependencies = (
				874587F429D1F6C600405E97 /* FirebaseFirestore */,
				874587F629D1F6C600405E97 /* FirebaseFirestoreSwift */,
			);
			productName = "Coffee Records";
			productReference = 874587D529D1EAD400405E97 /* Coffee Records.app */;
			productType = "com.apple.product-type.application";
		};
/* End PBXNativeTarget section */

/* Begin PBXProject section */
		874587CD29D1EAD400405E97 /* Project object */ = {
			isa = PBXProject;
			attributes = {
				BuildIndependentTargetsInParallel = 1;
				LastSwiftUpdateCheck = 1420;
				LastUpgradeCheck = 1420;
				TargetAttributes = {
					874587D429D1EAD400405E97 = {
						CreatedOnToolsVersion = 14.2;
					};
				};
			};
			buildConfigurationList = 874587D029D1EAD400405E97 /* Build configuration list for PBXProject "Coffee Records" */;
			compatibilityVersion = "Xcode 14.0";
			developmentRegion = en;
			hasScannedForEncodings = 0;
			knownRegions = (
				en,
				Base,
			);
			mainGroup = 874587CC29D1EAD400405E97;
			packageReferences = (
				874587F329D1F6C600405E97 /* XCRemoteSwiftPackageReference "firebase-ios-sdk" */,
			);
			productRefGroup = 874587D629D1EAD400405E97 /* Products */;
			projectDirPath = "";
			projectRoot = "";
			targets = (
				874587D429D1EAD400405E97 /* Coffee Records */,
			);
		};
/* End PBXProject section */

/* Begin PBXResourcesBuildPhase section */
		874587D329D1EAD400405E97 /* Resources */ = {
			isa = PBXResourcesBuildPhase;
			buildActionMask = 2147483647;
			files = (
				874587E129D1EAD500405E97 /* Preview Assets.xcassets in Resources */,
				874587F229D1F5F700405E97 /* GoogleService-Info.plist in Resources */,
				874587DD29D1EAD500405E97 /* Assets.xcassets in Resources */,
			);
			runOnlyForDeploymentPostprocessing = 0;
		};
/* End PBXResourcesBuildPhase section */

/* Begin PBXSourcesBuildPhase section */
		874587D129D1EAD400405E97 /* Sources */ = {
			isa = PBXSourcesBuildPhase;
			buildActionMask = 2147483647;
			files = (
				874587D929D1EAD400405E97 /* Coffee_RecordsApp.swift in Sources */,
				8784966329D27BE000D5CCB4 /* AddPaymentView.swift in Sources */,
				874587EA29D1EC3D00405E97 /* PaymentRecordsView.swift in Sources */,
				8784966129D27BD600D5CCB4 /* AddRoastView.swift in Sources */,
				874587F929D1F7EB00405E97 /* Structs.swift in Sources */,
				874587F029D1F0B500405E97 /* Store.swift in Sources */,
				874587EC29D1ECE900405E97 /* MainView.swift in Sources */,
				874587E829D1EC2C00405E97 /* RoastRecordsView.swift in Sources */,
			);
			runOnlyForDeploymentPostprocessing = 0;
		};
/* End PBXSourcesBuildPhase section */

/* Begin XCBuildConfiguration section */
		874587E229D1EAD500405E97 /* Debug */ = {
			isa = XCBuildConfiguration;
			buildSettings = {
				ALWAYS_SEARCH_USER_PATHS = NO;
				CLANG_ANALYZER_NONNULL = YES;
				CLANG_ANALYZER_NUMBER_OBJECT_CONVERSION = YES_AGGRESSIVE;
				CLANG_CXX_LANGUAGE_STANDARD = "gnu++20";
				CLANG_ENABLE_MODULES = YES;
				CLANG_ENABLE_OBJC_ARC = YES;
				CLANG_ENABLE_OBJC_WEAK = YES;
				CLANG_WARN_BLOCK_CAPTURE_AUTORELEASING = YES;
				CLANG_WARN_BOOL_CONVERSION = YES;
				CLANG_WARN_COMMA = YES;
				CLANG_WARN_CONSTANT_CONVERSION = YES;
				CLANG_WARN_DEPRECATED_OBJC_IMPLEMENTATIONS = YES;
				CLANG_WARN_DIRECT_OBJC_ISA_USAGE = YES_ERROR;
				CLANG_WARN_DOCUMENTATION_COMMENTS = YES;
				CLANG_WARN_EMPTY_BODY = YES;
				CLANG_WARN_ENUM_CONVERSION = YES;
				CLANG_WARN_INFINITE_RECURSION = YES;
				CLANG_WARN_INT_CONVERSION = YES;
				CLANG_WARN_NON_LITERAL_NULL_CONVERSION = YES;
				CLANG_WARN_OBJC_IMPLICIT_RETAIN_SELF = YES;
				CLANG_WARN_OBJC_LITERAL_CONVERSION = YES;
				CLANG_WARN_OBJC_ROOT_CLASS = YES_ERROR;
				CLANG_WARN_QUOTED_INCLUDE_IN_FRAMEWORK_HEADER = YES;
				CLANG_WARN_RANGE_LOOP_ANALYSIS = YES;
				CLANG_WARN_STRICT_PROTOTYPES = YES;
				CLANG_WARN_SUSPICIOUS_MOVE = YES;
				CLANG_WARN_UNGUARDED_AVAILABILITY = YES_AGGRESSIVE;
				CLANG_WARN_UNREACHABLE_CODE = YES;
				CLANG_WARN__DUPLICATE_METHOD_MATCH = YES;
				COPY_PHASE_STRIP = NO;
				DEBUG_INFORMATION_FORMAT = dwarf;
				ENABLE_STRICT_OBJC_MSGSEND = YES;
				ENABLE_TESTABILITY = YES;
				GCC_C_LANGUAGE_STANDARD = gnu11;
				GCC_DYNAMIC_NO_PIC = NO;
				GCC_NO_COMMON_BLOCKS = YES;
				GCC_OPTIMIZATION_LEVEL = 0;
				GCC_PREPROCESSOR_DEFINITIONS = (
					"DEBUG=1",
					"$(inherited)",
				);
				GCC_WARN_64_TO_32_BIT_CONVERSION = YES;
				GCC_WARN_ABOUT_RETURN_TYPE = YES_ERROR;
				GCC_WARN_UNDECLARED_SELECTOR = YES;
				GCC_WARN_UNINITIALIZED_AUTOS = YES_AGGRESSIVE;
				GCC_WARN_UNUSED_FUNCTION = YES;
				GCC_WARN_UNUSED_VARIABLE = YES;
				MTL_ENABLE_DEBUG_INFO = INCLUDE_SOURCE;
				MTL_FAST_MATH = YES;
				ONLY_ACTIVE_ARCH = YES;
				SWIFT_ACTIVE_COMPILATION_CONDITIONS = DEBUG;
				SWIFT_OPTIMIZATION_LEVEL = "-Onone";
			};
			name = Debug;
		};
		874587E329D1EAD500405E97 /* Release */ = {
			isa = XCBuildConfiguration;
			buildSettings = {
				ALWAYS_SEARCH_USER_PATHS = NO;
				CLANG_ANALYZER_NONNULL = YES;
				CLANG_ANALYZER_NUMBER_OBJECT_CONVERSION = YES_AGGRESSIVE;
				CLANG_CXX_LANGUAGE_STANDARD = "gnu++20";
				CLANG_ENABLE_MODULES = YES;
				CLANG_ENABLE_OBJC_ARC = YES;
				CLANG_ENABLE_OBJC_WEAK = YES;
				CLANG_WARN_BLOCK_CAPTURE_AUTORELEASING = YES;
				CLANG_WARN_BOOL_CONVERSION = YES;
				CLANG_WARN_COMMA = YES;
				CLANG_WARN_CONSTANT_CONVERSION = YES;
				CLANG_WARN_DEPRECATED_OBJC_IMPLEMENTATIONS = YES;
				CLANG_WARN_DIRECT_OBJC_ISA_USAGE = YES_ERROR;
				CLANG_WARN_DOCUMENTATION_COMMENTS = YES;
				CLANG_WARN_EMPTY_BODY = YES;
				CLANG_WARN_ENUM_CONVERSION = YES;
				CLANG_WARN_INFINITE_RECURSION = YES;
				CLANG_WARN_INT_CONVERSION = YES;
				CLANG_WARN_NON_LITERAL_NULL_CONVERSION = YES;
				CLANG_WARN_OBJC_IMPLICIT_RETAIN_SELF = YES;
				CLANG_WARN_OBJC_LITERAL_CONVERSION = YES;
				CLANG_WARN_OBJC_ROOT_CLASS = YES_ERROR;
				CLANG_WARN_QUOTED_INCLUDE_IN_FRAMEWORK_HEADER = YES;
				CLANG_WARN_RANGE_LOOP_ANALYSIS = YES;
				CLANG_WARN_STRICT_PROTOTYPES = YES;
				CLANG_WARN_SUSPICIOUS_MOVE = YES;
				CLANG_WARN_UNGUARDED_AVAILABILITY = YES_AGGRESSIVE;
				CLANG_WARN_UNREACHABLE_CODE = YES;
				CLANG_WARN__DUPLICATE_METHOD_MATCH = YES;
				COPY_PHASE_STRIP = NO;
				DEBUG_INFORMATION_FORMAT = "dwarf-with-dsym";
				ENABLE_NS_ASSERTIONS = NO;
				ENABLE_STRICT_OBJC_MSGSEND = YES;
				GCC_C_LANGUAGE_STANDARD = gnu11;
				GCC_NO_COMMON_BLOCKS = YES;
				GCC_WARN_64_TO_32_BIT_CONVERSION = YES;
				GCC_WARN_ABOUT_RETURN_TYPE = YES_ERROR;
				GCC_WARN_UNDECLARED_SELECTOR = YES;
				GCC_WARN_UNINITIALIZED_AUTOS = YES_AGGRESSIVE;
				GCC_WARN_UNUSED_FUNCTION = YES;
				GCC_WARN_UNUSED_VARIABLE = YES;
				MTL_ENABLE_DEBUG_INFO = NO;
				MTL_FAST_MATH = YES;
				SWIFT_COMPILATION_MODE = wholemodule;
				SWIFT_OPTIMIZATION_LEVEL = "-O";
			};
			name = Release;
		};
		874587E529D1EAD500405E97 /* Debug */ = {
			isa = XCBuildConfiguration;
			buildSettings = {
				ASSETCATALOG_COMPILER_APPICON_NAME = AppIcon;
				ASSETCATALOG_COMPILER_GLOBAL_ACCENT_COLOR_NAME = AccentColor;
				CODE_SIGN_ENTITLEMENTS = "Coffee Records/Coffee_Records.entitlements";
				CODE_SIGN_STYLE = Automatic;
				CURRENT_PROJECT_VERSION = 1;
				DEVELOPMENT_ASSET_PATHS = "\"Coffee Records/Preview Content\"";
				DEVELOPMENT_TEAM = 33MAXP8MNQ;
				ENABLE_HARDENED_RUNTIME = YES;
				ENABLE_PREVIEWS = YES;
				GENERATE_INFOPLIST_FILE = YES;
				"INFOPLIST_KEY_UIApplicationSceneManifest_Generation[sdk=iphoneos*]" = YES;
				"INFOPLIST_KEY_UIApplicationSceneManifest_Generation[sdk=iphonesimulator*]" = YES;
				"INFOPLIST_KEY_UIApplicationSupportsIndirectInputEvents[sdk=iphoneos*]" = YES;
				"INFOPLIST_KEY_UIApplicationSupportsIndirectInputEvents[sdk=iphonesimulator*]" = YES;
				"INFOPLIST_KEY_UILaunchScreen_Generation[sdk=iphoneos*]" = YES;
				"INFOPLIST_KEY_UILaunchScreen_Generation[sdk=iphonesimulator*]" = YES;
				"INFOPLIST_KEY_UIStatusBarStyle[sdk=iphoneos*]" = UIStatusBarStyleDefault;
				"INFOPLIST_KEY_UIStatusBarStyle[sdk=iphonesimulator*]" = UIStatusBarStyleDefault;
				INFOPLIST_KEY_UISupportedInterfaceOrientations_iPad = "UIInterfaceOrientationPortrait UIInterfaceOrientationPortraitUpsideDown UIInterfaceOrientationLandscapeLeft UIInterfaceOrientationLandscapeRight";
				INFOPLIST_KEY_UISupportedInterfaceOrientations_iPhone = "UIInterfaceOrientationPortrait UIInterfaceOrientationLandscapeLeft UIInterfaceOrientationLandscapeRight";
				IPHONEOS_DEPLOYMENT_TARGET = 16.2;
				LD_RUNPATH_SEARCH_PATHS = "@executable_path/Frameworks";
				"LD_RUNPATH_SEARCH_PATHS[sdk=macosx*]" = "@executable_path/../Frameworks";
				MACOSX_DEPLOYMENT_TARGET = 13.1;
				MARKETING_VERSION = 1.0;
				PRODUCT_BUNDLE_IDENTIFIER = "com.jasonkoehn.Coffee-Records1";
				PRODUCT_NAME = "$(TARGET_NAME)";
				SDKROOT = iphoneos;
				SUPPORTED_PLATFORMS = "iphoneos iphonesimulator";
				SUPPORTS_MACCATALYST = NO;
				SUPPORTS_MAC_DESIGNED_FOR_IPHONE_IPAD = YES;
				SWIFT_EMIT_LOC_STRINGS = YES;
				SWIFT_VERSION = 5.0;
				TARGETED_DEVICE_FAMILY = "1,2";
			};
			name = Debug;
		};
		874587E629D1EAD500405E97 /* Release */ = {
			isa = XCBuildConfiguration;
			buildSettings = {
				ASSETCATALOG_COMPILER_APPICON_NAME = AppIcon;
				ASSETCATALOG_COMPILER_GLOBAL_ACCENT_COLOR_NAME = AccentColor;
				CODE_SIGN_ENTITLEMENTS = "Coffee Records/Coffee_Records.entitlements";
				CODE_SIGN_STYLE = Automatic;
				CURRENT_PROJECT_VERSION = 1;
				DEVELOPMENT_ASSET_PATHS = "\"Coffee Records/Preview Content\"";
				DEVELOPMENT_TEAM = 33MAXP8MNQ;
				ENABLE_HARDENED_RUNTIME = YES;
				ENABLE_PREVIEWS = YES;
				GENERATE_INFOPLIST_FILE = YES;
				"INFOPLIST_KEY_UIApplicationSceneManifest_Generation[sdk=iphoneos*]" = YES;
				"INFOPLIST_KEY_UIApplicationSceneManifest_Generation[sdk=iphonesimulator*]" = YES;
				"INFOPLIST_KEY_UIApplicationSupportsIndirectInputEvents[sdk=iphoneos*]" = YES;
				"INFOPLIST_KEY_UIApplicationSupportsIndirectInputEvents[sdk=iphonesimulator*]" = YES;
				"INFOPLIST_KEY_UILaunchScreen_Generation[sdk=iphoneos*]" = YES;
				"INFOPLIST_KEY_UILaunchScreen_Generation[sdk=iphonesimulator*]" = YES;
				"INFOPLIST_KEY_UIStatusBarStyle[sdk=iphoneos*]" = UIStatusBarStyleDefault;
				"INFOPLIST_KEY_UIStatusBarStyle[sdk=iphonesimulator*]" = UIStatusBarStyleDefault;
				INFOPLIST_KEY_UISupportedInterfaceOrientations_iPad = "UIInterfaceOrientationPortrait UIInterfaceOrientationPortraitUpsideDown UIInterfaceOrientationLandscapeLeft UIInterfaceOrientationLandscapeRight";
				INFOPLIST_KEY_UISupportedInterfaceOrientations_iPhone = "UIInterfaceOrientationPortrait UIInterfaceOrientationLandscapeLeft UIInterfaceOrientationLandscapeRight";
				IPHONEOS_DEPLOYMENT_TARGET = 16.2;
				LD_RUNPATH_SEARCH_PATHS = "@executable_path/Frameworks";
				"LD_RUNPATH_SEARCH_PATHS[sdk=macosx*]" = "@executable_path/../Frameworks";
				MACOSX_DEPLOYMENT_TARGET = 13.1;
				MARKETING_VERSION = 1.0;
				PRODUCT_BUNDLE_IDENTIFIER = "com.jasonkoehn.Coffee-Records1";
				PRODUCT_NAME = "$(TARGET_NAME)";
				SDKROOT = iphoneos;
				SUPPORTED_PLATFORMS = "iphoneos iphonesimulator";
				SUPPORTS_MACCATALYST = NO;
				SUPPORTS_MAC_DESIGNED_FOR_IPHONE_IPAD = YES;
				SWIFT_EMIT_LOC_STRINGS = YES;
				SWIFT_VERSION = 5.0;
				TARGETED_DEVICE_FAMILY = "1,2";
			};
			name = Release;
		};
/* End XCBuildConfiguration section */

/* Begin XCConfigurationList section */
		874587D029D1EAD400405E97 /* Build configuration list for PBXProject "Coffee Records" */ = {
			isa = XCConfigurationList;
			buildConfigurations = (
				874587E229D1EAD500405E97 /* Debug */,
				874587E329D1EAD500405E97 /* Release */,
			);
			defaultConfigurationIsVisible = 0;
			defaultConfigurationName = Release;
		};
		874587E429D1EAD500405E97 /* Build configuration list for PBXNativeTarget "Coffee Records" */ = {
			isa = XCConfigurationList;
			buildConfigurations = (
				874587E529D1EAD500405E97 /* Debug */,
				874587E629D1EAD500405E97 /* Release */,
			);
			defaultConfigurationIsVisible = 0;
			defaultConfigurationName = Release;
		};
/* End XCConfigurationList section */

/* Begin XCRemoteSwiftPackageReference section */
		874587F329D1F6C600405E97 /* XCRemoteSwiftPackageReference "firebase-ios-sdk" */ = {
			isa = XCRemoteSwiftPackageReference;
			repositoryURL = "https://github.com/firebase/firebase-ios-sdk.git";
			requirement = {
				kind = upToNextMajorVersion;
				minimumVersion = 9.0.0;
			};
		};
/* End XCRemoteSwiftPackageReference section */

/* Begin XCSwiftPackageProductDependency section */
		874587F429D1F6C600405E97 /* FirebaseFirestore */ = {
			isa = XCSwiftPackageProductDependency;
			package = 874587F329D1F6C600405E97 /* XCRemoteSwiftPackageReference "firebase-ios-sdk" */;
			productName = FirebaseFirestore;
		};
		874587F629D1F6C600405E97 /* FirebaseFirestoreSwift */ = {
			isa = XCSwiftPackageProductDependency;
			package = 874587F329D1F6C600405E97 /* XCRemoteSwiftPackageReference "firebase-ios-sdk" */;
			productName = FirebaseFirestoreSwift;
		};
/* End XCSwiftPackageProductDependency section */
	};
	rootObject = 874587CD29D1EAD400405E97 /* Project object */;
}
